// !$*UTF8*$!
{
	archiveVersion = 1;
	classes = {
	};
	objectVersion = 56;
	objects = {

/* Begin PBXBuildFile section */
		CA2EB04A2C04CE790043B05C /* NSTimer+WeakTimer.m in Sources */ = {isa = PBXBuildFile; fileRef = CA2EB0492C04CE790043B05C /* NSTimer+WeakTimer.m */; };
		CA52824F2BFAFB4100645ED3 /* AppDelegate.swift in Sources */ = {isa = PBXBuildFile; fileRef = CA52824E2BFAFB4100645ED3 /* AppDelegate.swift */; };
		CA5282512BFAFB4100645ED3 /* SceneDelegate.swift in Sources */ = {isa = PBXBuildFile; fileRef = CA5282502BFAFB4100645ED3 /* SceneDelegate.swift */; };
		CA5282532BFAFB4100645ED3 /* ViewController.swift in Sources */ = {isa = PBXBuildFile; fileRef = CA5282522BFAFB4100645ED3 /* ViewController.swift */; };
		CA5282562BFAFB4100645ED3 /* Base in Resources */ = {isa = PBXBuildFile; fileRef = CA5282552BFAFB4100645ED3 /* Base */; };
		CA5282582BFAFB4200645ED3 /* Assets.xcassets in Resources */ = {isa = PBXBuildFile; fileRef = CA5282572BFAFB4200645ED3 /* Assets.xcassets */; };
		CA52825B2BFAFB4200645ED3 /* Base in Resources */ = {isa = PBXBuildFile; fileRef = CA52825A2BFAFB4200645ED3 /* Base */; };
		CA5282662BFAFB4200645ED3 /* MyStudyiOSTests.swift in Sources */ = {isa = PBXBuildFile; fileRef = CA5282652BFAFB4200645ED3 /* MyStudyiOSTests.swift */; };
		CA5282702BFAFB4200645ED3 /* MyStudyiOSUITests.swift in Sources */ = {isa = PBXBuildFile; fileRef = CA52826F2BFAFB4200645ED3 /* MyStudyiOSUITests.swift */; };
		CA5282722BFAFB4200645ED3 /* MyStudyiOSUITestsLaunchTests.swift in Sources */ = {isa = PBXBuildFile; fileRef = CA5282712BFAFB4200645ED3 /* MyStudyiOSUITestsLaunchTests.swift */; };
		CA5282892BFB30B600645ED3 /* ViewReusePool.m in Sources */ = {isa = PBXBuildFile; fileRef = CA5282882BFB30B600645ED3 /* ViewReusePool.m */; };
		CA52828C2BFB33AF00645ED3 /* IndexedTableView.m in Sources */ = {isa = PBXBuildFile; fileRef = CA52828B2BFB33AF00645ED3 /* IndexedTableView.m */; };
		CA52828F2BFB4A4700645ED3 /* MKSZ202Course31Example1ViewController.m in Sources */ = {isa = PBXBuildFile; fileRef = CA52828E2BFB4A4700645ED3 /* MKSZ202Course31Example1ViewController.m */; };
		CAA14FE92BFC47FF00B27FAD /* CustomButton.m in Sources */ = {isa = PBXBuildFile; fileRef = CAA14FE82BFC47FF00B27FAD /* CustomButton.m */; };
		CAA14FEC2BFC718E00B27FAD /* MKSZ202Course31Example2ViewController.m in Sources */ = {isa = PBXBuildFile; fileRef = CAA14FEB2BFC718E00B27FAD /* MKSZ202Course31Example2ViewController.m */; };
		CAC960E02BFDC4980035D2F2 /* MObject.m in Sources */ = {isa = PBXBuildFile; fileRef = CAC960DF2BFDC4980035D2F2 /* MObject.m */; };
		CAC960E32BFDC54F0035D2F2 /* MObserver.m in Sources */ = {isa = PBXBuildFile; fileRef = CAC960E22BFDC54F0035D2F2 /* MObserver.m */; };
		CAC960E72BFDC7DA0035D2F2 /* MKSZ202Course41Example1AppDelegate.m in Sources */ = {isa = PBXBuildFile; fileRef = CAC960E62BFDC7DA0035D2F2 /* MKSZ202Course41Example1AppDelegate.m */; };
		CADE671F2C0C4E7B00742651 /* 10-1.md in Resources */ = {isa = PBXBuildFile; fileRef = CADE671D2C0C4E7B00742651 /* 10-1.md */; };
/* End PBXBuildFile section */

/* Begin PBXContainerItemProxy section */
		CA5282622BFAFB4200645ED3 /* PBXContainerItemProxy */ = {
			isa = PBXContainerItemProxy;
			containerPortal = CA5282432BFAFB4100645ED3 /* Project object */;
			proxyType = 1;
			remoteGlobalIDString = CA52824A2BFAFB4100645ED3;
			remoteInfo = MyStudyiOS;
		};
		CA52826C2BFAFB4200645ED3 /* PBXContainerItemProxy */ = {
			isa = PBXContainerItemProxy;
			containerPortal = CA5282432BFAFB4100645ED3 /* Project object */;
			proxyType = 1;
			remoteGlobalIDString = CA52824A2BFAFB4100645ED3;
			remoteInfo = MyStudyiOS;
		};
/* End PBXContainerItemProxy section */

/* Begin PBXFileReference section */
		CA203B242C08A69C00643404 /* 9-1.md */ = {isa = PBXFileReference; lastKnownFileType = net.daringfireball.markdown; path = "9-1.md"; sourceTree = "<group>"; };
		CA2EB0472C04B1AF0043B05C /* 6-1.md */ = {isa = PBXFileReference; lastKnownFileType = net.daringfireball.markdown; path = "6-1.md"; sourceTree = "<group>"; };
		CA2EB0482C04CE790043B05C /* NSTimer+WeakTimer.h */ = {isa = PBXFileReference; fileEncoding = 4; lastKnownFileType = sourcecode.c.h; path = "NSTimer+WeakTimer.h"; sourceTree = "<group>"; };
		CA2EB0492C04CE790043B05C /* NSTimer+WeakTimer.m */ = {isa = PBXFileReference; fileEncoding = 4; lastKnownFileType = sourcecode.c.objc; path = "NSTimer+WeakTimer.m"; sourceTree = "<group>"; };
		CA4C00732C00C20E00803679 /* 5-1.md */ = {isa = PBXFileReference; lastKnownFileType = net.daringfireball.markdown; path = "5-1.md"; sourceTree = "<group>"; };
		CA52824B2BFAFB4100645ED3 /* MyStudyiOS.app */ = {isa = PBXFileReference; explicitFileType = wrapper.application; includeInIndex = 0; path = MyStudyiOS.app; sourceTree = BUILT_PRODUCTS_DIR; };
		CA52824E2BFAFB4100645ED3 /* AppDelegate.swift */ = {isa = PBXFileReference; lastKnownFileType = sourcecode.swift; path = AppDelegate.swift; sourceTree = "<group>"; };
		CA5282502BFAFB4100645ED3 /* SceneDelegate.swift */ = {isa = PBXFileReference; lastKnownFileType = sourcecode.swift; path = SceneDelegate.swift; sourceTree = "<group>"; };
		CA5282522BFAFB4100645ED3 /* ViewController.swift */ = {isa = PBXFileReference; lastKnownFileType = sourcecode.swift; path = ViewController.swift; sourceTree = "<group>"; };
		CA5282552BFAFB4100645ED3 /* Base */ = {isa = PBXFileReference; lastKnownFileType = file.storyboard; name = Base; path = Base.lproj/Main.storyboard; sourceTree = "<group>"; };
		CA5282572BFAFB4200645ED3 /* Assets.xcassets */ = {isa = PBXFileReference; lastKnownFileType = folder.assetcatalog; path = Assets.xcassets; sourceTree = "<group>"; };
		CA52825A2BFAFB4200645ED3 /* Base */ = {isa = PBXFileReference; lastKnownFileType = file.storyboard; name = Base; path = Base.lproj/LaunchScreen.storyboard; sourceTree = "<group>"; };
		CA52825C2BFAFB4200645ED3 /* Info.plist */ = {isa = PBXFileReference; lastKnownFileType = text.plist.xml; path = Info.plist; sourceTree = "<group>"; };
		CA5282612BFAFB4200645ED3 /* MyStudyiOSTests.xctest */ = {isa = PBXFileReference; explicitFileType = wrapper.cfbundle; includeInIndex = 0; path = MyStudyiOSTests.xctest; sourceTree = BUILT_PRODUCTS_DIR; };
		CA5282652BFAFB4200645ED3 /* MyStudyiOSTests.swift */ = {isa = PBXFileReference; lastKnownFileType = sourcecode.swift; path = MyStudyiOSTests.swift; sourceTree = "<group>"; };
		CA52826B2BFAFB4200645ED3 /* MyStudyiOSUITests.xctest */ = {isa = PBXFileReference; explicitFileType = wrapper.cfbundle; includeInIndex = 0; path = MyStudyiOSUITests.xctest; sourceTree = BUILT_PRODUCTS_DIR; };
		CA52826F2BFAFB4200645ED3 /* MyStudyiOSUITests.swift */ = {isa = PBXFileReference; lastKnownFileType = sourcecode.swift; path = MyStudyiOSUITests.swift; sourceTree = "<group>"; };
		CA5282712BFAFB4200645ED3 /* MyStudyiOSUITestsLaunchTests.swift */ = {isa = PBXFileReference; lastKnownFileType = sourcecode.swift; path = MyStudyiOSUITestsLaunchTests.swift; sourceTree = "<group>"; };
		CA52827F2BFB083800645ED3 /* README.md */ = {isa = PBXFileReference; lastKnownFileType = net.daringfireball.markdown; path = README.md; sourceTree = "<group>"; };
		CA5282812BFB1E6400645ED3 /* 2-1.md */ = {isa = PBXFileReference; lastKnownFileType = net.daringfireball.markdown; path = "2-1.md"; sourceTree = "<group>"; };
		CA5282822BFB207400645ED3 /* 2-2.md */ = {isa = PBXFileReference; lastKnownFileType = net.daringfireball.markdown; path = "2-2.md"; sourceTree = "<group>"; };
		CA5282842BFB2F8D00645ED3 /* 3-1.md */ = {isa = PBXFileReference; lastKnownFileType = net.daringfireball.markdown; path = "3-1.md"; sourceTree = "<group>"; };
		CA5282862BFB30B600645ED3 /* MyStudyiOS-Bridging-Header.h */ = {isa = PBXFileReference; lastKnownFileType = sourcecode.c.h; path = "MyStudyiOS-Bridging-Header.h"; sourceTree = "<group>"; };
		CA5282872BFB30B600645ED3 /* ViewReusePool.h */ = {isa = PBXFileReference; lastKnownFileType = sourcecode.c.h; path = ViewReusePool.h; sourceTree = "<group>"; };
		CA5282882BFB30B600645ED3 /* ViewReusePool.m */ = {isa = PBXFileReference; lastKnownFileType = sourcecode.c.objc; path = ViewReusePool.m; sourceTree = "<group>"; };
		CA52828A2BFB33AF00645ED3 /* IndexedTableView.h */ = {isa = PBXFileReference; lastKnownFileType = sourcecode.c.h; path = IndexedTableView.h; sourceTree = "<group>"; };
		CA52828B2BFB33AF00645ED3 /* IndexedTableView.m */ = {isa = PBXFileReference; lastKnownFileType = sourcecode.c.objc; path = IndexedTableView.m; sourceTree = "<group>"; };
		CA52828D2BFB4A4700645ED3 /* MKSZ202Course31Example1ViewController.h */ = {isa = PBXFileReference; lastKnownFileType = sourcecode.c.h; path = MKSZ202Course31Example1ViewController.h; sourceTree = "<group>"; };
		CA52828E2BFB4A4700645ED3 /* MKSZ202Course31Example1ViewController.m */ = {isa = PBXFileReference; lastKnownFileType = sourcecode.c.objc; path = MKSZ202Course31Example1ViewController.m; sourceTree = "<group>"; };
		CA80A1AB2C07523B0095433F /* 8-1.md */ = {isa = PBXFileReference; lastKnownFileType = net.daringfireball.markdown; path = "8-1.md"; sourceTree = "<group>"; };
		CAA14FE72BFC47FF00B27FAD /* CustomButton.h */ = {isa = PBXFileReference; lastKnownFileType = sourcecode.c.h; path = CustomButton.h; sourceTree = "<group>"; };
		CAA14FE82BFC47FF00B27FAD /* CustomButton.m */ = {isa = PBXFileReference; lastKnownFileType = sourcecode.c.objc; path = CustomButton.m; sourceTree = "<group>"; };
		CAA14FEA2BFC718E00B27FAD /* MKSZ202Course31Example2ViewController.h */ = {isa = PBXFileReference; lastKnownFileType = sourcecode.c.h; path = MKSZ202Course31Example2ViewController.h; sourceTree = "<group>"; };
		CAA14FEB2BFC718E00B27FAD /* MKSZ202Course31Example2ViewController.m */ = {isa = PBXFileReference; lastKnownFileType = sourcecode.c.objc; path = MKSZ202Course31Example2ViewController.m; sourceTree = "<group>"; };
		CAC960DC2BFD8D7F0035D2F2 /* 4-1.md */ = {isa = PBXFileReference; lastKnownFileType = net.daringfireball.markdown; path = "4-1.md"; sourceTree = "<group>"; };
		CAC960DE2BFDC4980035D2F2 /* MObject.h */ = {isa = PBXFileReference; lastKnownFileType = sourcecode.c.h; path = MObject.h; sourceTree = "<group>"; };
		CAC960DF2BFDC4980035D2F2 /* MObject.m */ = {isa = PBXFileReference; lastKnownFileType = sourcecode.c.objc; path = MObject.m; sourceTree = "<group>"; };
		CAC960E12BFDC54F0035D2F2 /* MObserver.h */ = {isa = PBXFileReference; lastKnownFileType = sourcecode.c.h; path = MObserver.h; sourceTree = "<group>"; };
		CAC960E22BFDC54F0035D2F2 /* MObserver.m */ = {isa = PBXFileReference; lastKnownFileType = sourcecode.c.objc; path = MObserver.m; sourceTree = "<group>"; };
		CAC960E52BFDC7DA0035D2F2 /* MKSZ202Course41Example1AppDelegate.h */ = {isa = PBXFileReference; lastKnownFileType = sourcecode.c.h; path = MKSZ202Course41Example1AppDelegate.h; sourceTree = "<group>"; };
		CAC960E62BFDC7DA0035D2F2 /* MKSZ202Course41Example1AppDelegate.m */ = {isa = PBXFileReference; lastKnownFileType = sourcecode.c.objc; path = MKSZ202Course41Example1AppDelegate.m; sourceTree = "<group>"; };
		CADE671D2C0C4E7B00742651 /* 10-1.md */ = {isa = PBXFileReference; fileEncoding = 4; lastKnownFileType = net.daringfireball.markdown; path = "10-1.md"; sourceTree = "<group>"; };
		CAFAEA602C0608DB005260CA /* 7-1.md */ = {isa = PBXFileReference; lastKnownFileType = net.daringfireball.markdown; path = "7-1.md"; sourceTree = "<group>"; };
/* End PBXFileReference section */

/* Begin PBXFrameworksBuildPhase section */
		CA5282482BFAFB4100645ED3 /* Frameworks */ = {
			isa = PBXFrameworksBuildPhase;
			buildActionMask = 2147483647;
			files = (
			);
			runOnlyForDeploymentPostprocessing = 0;
		};
		CA52825E2BFAFB4200645ED3 /* Frameworks */ = {
			isa = PBXFrameworksBuildPhase;
			buildActionMask = 2147483647;
			files = (
			);
			runOnlyForDeploymentPostprocessing = 0;
		};
		CA5282682BFAFB4200645ED3 /* Frameworks */ = {
			isa = PBXFrameworksBuildPhase;
			buildActionMask = 2147483647;
			files = (
			);
			runOnlyForDeploymentPostprocessing = 0;
		};
/* End PBXFrameworksBuildPhase section */

/* Begin PBXGroup section */
		CA203B232C08A68300643404 /* Chapter9 */ = {
			isa = PBXGroup;
			children = (
				CA203B242C08A69C00643404 /* 9-1.md */,
			);
			path = Chapter9;
			sourceTree = "<group>";
		};
		CA2EB0462C04B1930043B05C /* Chapter6 */ = {
			isa = PBXGroup;
			children = (
				CA2EB04B2C04CE7F0043B05C /* Example1 */,
				CA2EB0472C04B1AF0043B05C /* 6-1.md */,
			);
			path = Chapter6;
			sourceTree = "<group>";
		};
		CA2EB04B2C04CE7F0043B05C /* Example1 */ = {
			isa = PBXGroup;
			children = (
				CA2EB0482C04CE790043B05C /* NSTimer+WeakTimer.h */,
				CA2EB0492C04CE790043B05C /* NSTimer+WeakTimer.m */,
			);
			path = Example1;
			sourceTree = "<group>";
		};
		CA4C00722C00C1E900803679 /* Chapter5 */ = {
			isa = PBXGroup;
			children = (
				CA4C00732C00C20E00803679 /* 5-1.md */,
			);
			path = Chapter5;
			sourceTree = "<group>";
		};
		CA5282422BFAFB4100645ED3 = {
			isa = PBXGroup;
			children = (
				CA52824D2BFAFB4100645ED3 /* MyStudyiOS */,
				CA5282642BFAFB4200645ED3 /* MyStudyiOSTests */,
				CA52826E2BFAFB4200645ED3 /* MyStudyiOSUITests */,
				CA52824C2BFAFB4100645ED3 /* Products */,
			);
			sourceTree = "<group>";
		};
		CA52824C2BFAFB4100645ED3 /* Products */ = {
			isa = PBXGroup;
			children = (
				CA52824B2BFAFB4100645ED3 /* MyStudyiOS.app */,
				CA5282612BFAFB4200645ED3 /* MyStudyiOSTests.xctest */,
				CA52826B2BFAFB4200645ED3 /* MyStudyiOSUITests.xctest */,
			);
			name = Products;
			sourceTree = "<group>";
		};
		CA52824D2BFAFB4100645ED3 /* MyStudyiOS */ = {
			isa = PBXGroup;
			children = (
				CA52827E2BFAFDCB00645ED3 /* MKSZ202-study */,
				CA52824E2BFAFB4100645ED3 /* AppDelegate.swift */,
				CA5282502BFAFB4100645ED3 /* SceneDelegate.swift */,
				CA5282522BFAFB4100645ED3 /* ViewController.swift */,
				CA5282542BFAFB4100645ED3 /* Main.storyboard */,
				CA5282862BFB30B600645ED3 /* MyStudyiOS-Bridging-Header.h */,
				CA5282572BFAFB4200645ED3 /* Assets.xcassets */,
				CA5282592BFAFB4200645ED3 /* LaunchScreen.storyboard */,
				CA52825C2BFAFB4200645ED3 /* Info.plist */,
			);
			path = MyStudyiOS;
			sourceTree = "<group>";
		};
		CA5282642BFAFB4200645ED3 /* MyStudyiOSTests */ = {
			isa = PBXGroup;
			children = (
				CA5282652BFAFB4200645ED3 /* MyStudyiOSTests.swift */,
			);
			path = MyStudyiOSTests;
			sourceTree = "<group>";
		};
		CA52826E2BFAFB4200645ED3 /* MyStudyiOSUITests */ = {
			isa = PBXGroup;
			children = (
				CA52826F2BFAFB4200645ED3 /* MyStudyiOSUITests.swift */,
				CA5282712BFAFB4200645ED3 /* MyStudyiOSUITestsLaunchTests.swift */,
			);
			path = MyStudyiOSUITests;
			sourceTree = "<group>";
		};
		CA52827E2BFAFDCB00645ED3 /* MKSZ202-study */ = {
			isa = PBXGroup;
			children = (
				CA5282802BFB1E1700645ED3 /* Chapter2 */,
				CA5282832BFB2F5F00645ED3 /* Chapter3 */,
				CAC960DB2BFD8D620035D2F2 /* Chapter4 */,
				CA4C00722C00C1E900803679 /* Chapter5 */,
				CA2EB0462C04B1930043B05C /* Chapter6 */,
				CAFAEA5F2C0608C5005260CA /* Chapter7 */,
				CA80A1AA2C07521E0095433F /* Chapter8 */,
				CA203B232C08A68300643404 /* Chapter9 */,
				CADE671E2C0C4E7B00742651 /* Chapter10 */,
				CA52827F2BFB083800645ED3 /* README.md */,
			);
			path = "MKSZ202-study";
			sourceTree = "<group>";
		};
		CA5282802BFB1E1700645ED3 /* Chapter2 */ = {
			isa = PBXGroup;
			children = (
				CA5282812BFB1E6400645ED3 /* 2-1.md */,
				CA5282822BFB207400645ED3 /* 2-2.md */,
			);
			path = Chapter2;
			sourceTree = "<group>";
		};
		CA5282832BFB2F5F00645ED3 /* Chapter3 */ = {
			isa = PBXGroup;
			children = (
				CAA14FE52BFC419F00B27FAD /* 3-1 */,
			);
			path = Chapter3;
			sourceTree = "<group>";
		};
		CA5282852BFB308000645ED3 /* Example1 */ = {
			isa = PBXGroup;
			children = (
				CA52828A2BFB33AF00645ED3 /* IndexedTableView.h */,
				CA52828B2BFB33AF00645ED3 /* IndexedTableView.m */,
				CA52828D2BFB4A4700645ED3 /* MKSZ202Course31Example1ViewController.h */,
				CA52828E2BFB4A4700645ED3 /* MKSZ202Course31Example1ViewController.m */,
				CA5282872BFB30B600645ED3 /* ViewReusePool.h */,
				CA5282882BFB30B600645ED3 /* ViewReusePool.m */,
			);
			path = Example1;
			sourceTree = "<group>";
		};
		CA80A1AA2C07521E0095433F /* Chapter8 */ = {
			isa = PBXGroup;
			children = (
				CA80A1AB2C07523B0095433F /* 8-1.md */,
			);
			path = Chapter8;
			sourceTree = "<group>";
		};
		CAA14FE52BFC419F00B27FAD /* 3-1 */ = {
			isa = PBXGroup;
			children = (
				CA5282842BFB2F8D00645ED3 /* 3-1.md */,
				CA5282852BFB308000645ED3 /* Example1 */,
				CAA14FE62BFC47AA00B27FAD /* Example2 */,
			);
			path = "3-1";
			sourceTree = "<group>";
		};
		CAA14FE62BFC47AA00B27FAD /* Example2 */ = {
			isa = PBXGroup;
			children = (
				CAA14FE72BFC47FF00B27FAD /* CustomButton.h */,
				CAA14FE82BFC47FF00B27FAD /* CustomButton.m */,
				CAA14FEA2BFC718E00B27FAD /* MKSZ202Course31Example2ViewController.h */,
				CAA14FEB2BFC718E00B27FAD /* MKSZ202Course31Example2ViewController.m */,
			);
			path = Example2;
			sourceTree = "<group>";
		};
		CAC960DB2BFD8D620035D2F2 /* Chapter4 */ = {
			isa = PBXGroup;
			children = (
				CAC960E42BFDC58D0035D2F2 /* 4-1 */,
				CAC960DC2BFD8D7F0035D2F2 /* 4-1.md */,
			);
			path = Chapter4;
			sourceTree = "<group>";
		};
		CAC960DD2BFDC46C0035D2F2 /* Example1 */ = {
			isa = PBXGroup;
			children = (
				CAC960DE2BFDC4980035D2F2 /* MObject.h */,
				CAC960DF2BFDC4980035D2F2 /* MObject.m */,
				CAC960E12BFDC54F0035D2F2 /* MObserver.h */,
				CAC960E22BFDC54F0035D2F2 /* MObserver.m */,
				CAC960E52BFDC7DA0035D2F2 /* MKSZ202Course41Example1AppDelegate.h */,
				CAC960E62BFDC7DA0035D2F2 /* MKSZ202Course41Example1AppDelegate.m */,
			);
			path = Example1;
			sourceTree = "<group>";
		};
		CAC960E42BFDC58D0035D2F2 /* 4-1 */ = {
			isa = PBXGroup;
			children = (
				CAC960DD2BFDC46C0035D2F2 /* Example1 */,
			);
			path = "4-1";
			sourceTree = "<group>";
		};
		CADE671E2C0C4E7B00742651 /* Chapter10 */ = {
			isa = PBXGroup;
			children = (
				CADE671D2C0C4E7B00742651 /* 10-1.md */,
			);
			path = Chapter10;
			sourceTree = "<group>";
		};
		CAFAEA5F2C0608C5005260CA /* Chapter7 */ = {
			isa = PBXGroup;
			children = (
				CAFAEA602C0608DB005260CA /* 7-1.md */,
			);
			path = Chapter7;
			sourceTree = "<group>";
		};
/* End PBXGroup section */

/* Begin PBXNativeTarget section */
		CA52824A2BFAFB4100645ED3 /* MyStudyiOS */ = {
			isa = PBXNativeTarget;
			buildConfigurationList = CA5282752BFAFB4200645ED3 /* Build configuration list for PBXNativeTarget "MyStudyiOS" */;
			buildPhases = (
				CA5282472BFAFB4100645ED3 /* Sources */,
				CA5282482BFAFB4100645ED3 /* Frameworks */,
				CA5282492BFAFB4100645ED3 /* Resources */,
			);
			buildRules = (
			);
			dependencies = (
			);
			name = MyStudyiOS;
			productName = MyStudyiOS;
			productReference = CA52824B2BFAFB4100645ED3 /* MyStudyiOS.app */;
			productType = "com.apple.product-type.application";
		};
		CA5282602BFAFB4200645ED3 /* MyStudyiOSTests */ = {
			isa = PBXNativeTarget;
			buildConfigurationList = CA5282782BFAFB4200645ED3 /* Build configuration list for PBXNativeTarget "MyStudyiOSTests" */;
			buildPhases = (
				CA52825D2BFAFB4200645ED3 /* Sources */,
				CA52825E2BFAFB4200645ED3 /* Frameworks */,
				CA52825F2BFAFB4200645ED3 /* Resources */,
			);
			buildRules = (
			);
			dependencies = (
				CA5282632BFAFB4200645ED3 /* PBXTargetDependency */,
			);
			name = MyStudyiOSTests;
			productName = MyStudyiOSTests;
			productReference = CA5282612BFAFB4200645ED3 /* MyStudyiOSTests.xctest */;
			productType = "com.apple.product-type.bundle.unit-test";
		};
		CA52826A2BFAFB4200645ED3 /* MyStudyiOSUITests */ = {
			isa = PBXNativeTarget;
			buildConfigurationList = CA52827B2BFAFB4200645ED3 /* Build configuration list for PBXNativeTarget "MyStudyiOSUITests" */;
			buildPhases = (
				CA5282672BFAFB4200645ED3 /* Sources */,
				CA5282682BFAFB4200645ED3 /* Frameworks */,
				CA5282692BFAFB4200645ED3 /* Resources */,
			);
			buildRules = (
			);
			dependencies = (
				CA52826D2BFAFB4200645ED3 /* PBXTargetDependency */,
			);
			name = MyStudyiOSUITests;
			productName = MyStudyiOSUITests;
			productReference = CA52826B2BFAFB4200645ED3 /* MyStudyiOSUITests.xctest */;
			productType = "com.apple.product-type.bundle.ui-testing";
		};
/* End PBXNativeTarget section */

/* Begin PBXProject section */
		CA5282432BFAFB4100645ED3 /* Project object */ = {
			isa = PBXProject;
			attributes = {
				BuildIndependentTargetsInParallel = 1;
				LastSwiftUpdateCheck = 1540;
				LastUpgradeCheck = 1540;
				TargetAttributes = {
					CA52824A2BFAFB4100645ED3 = {
						CreatedOnToolsVersion = 15.4;
						LastSwiftMigration = 1540;
					};
					CA5282602BFAFB4200645ED3 = {
						CreatedOnToolsVersion = 15.4;
						TestTargetID = CA52824A2BFAFB4100645ED3;
					};
					CA52826A2BFAFB4200645ED3 = {
						CreatedOnToolsVersion = 15.4;
						TestTargetID = CA52824A2BFAFB4100645ED3;
					};
				};
			};
			buildConfigurationList = CA5282462BFAFB4100645ED3 /* Build configuration list for PBXProject "MyStudyiOS" */;
			compatibilityVersion = "Xcode 14.0";
			developmentRegion = en;
			hasScannedForEncodings = 0;
			knownRegions = (
				en,
				Base,
			);
			mainGroup = CA5282422BFAFB4100645ED3;
			productRefGroup = CA52824C2BFAFB4100645ED3 /* Products */;
			projectDirPath = "";
			projectRoot = "";
			targets = (
				CA52824A2BFAFB4100645ED3 /* MyStudyiOS */,
				CA5282602BFAFB4200645ED3 /* MyStudyiOSTests */,
				CA52826A2BFAFB4200645ED3 /* MyStudyiOSUITests */,
			);
		};
/* End PBXProject section */

/* Begin PBXResourcesBuildPhase section */
		CA5282492BFAFB4100645ED3 /* Resources */ = {
			isa = PBXResourcesBuildPhase;
			buildActionMask = 2147483647;
			files = (
				CA5282582BFAFB4200645ED3 /* Assets.xcassets in Resources */,
				CADE671F2C0C4E7B00742651 /* 10-1.md in Resources */,
				CA52825B2BFAFB4200645ED3 /* Base in Resources */,
				CA5282562BFAFB4100645ED3 /* Base in Resources */,
			);
			runOnlyForDeploymentPostprocessing = 0;
		};
		CA52825F2BFAFB4200645ED3 /* Resources */ = {
			isa = PBXResourcesBuildPhase;
			buildActionMask = 2147483647;
			files = (
			);
			runOnlyForDeploymentPostprocessing = 0;
		};
		CA5282692BFAFB4200645ED3 /* Resources */ = {
			isa = PBXResourcesBuildPhase;
			buildActionMask = 2147483647;
			files = (
			);
			runOnlyForDeploymentPostprocessing = 0;
		};
/* End PBXResourcesBuildPhase section */

/* Begin PBXSourcesBuildPhase section */
		CA5282472BFAFB4100645ED3 /* Sources */ = {
			isa = PBXSourcesBuildPhase;
			buildActionMask = 2147483647;
			files = (
				CA2EB04A2C04CE790043B05C /* NSTimer+WeakTimer.m in Sources */,
				CA5282532BFAFB4100645ED3 /* ViewController.swift in Sources */,
				CAC960E32BFDC54F0035D2F2 /* MObserver.m in Sources */,
				CA52824F2BFAFB4100645ED3 /* AppDelegate.swift in Sources */,
				CA52828F2BFB4A4700645ED3 /* MKSZ202Course31Example1ViewController.m in Sources */,
				CAA14FE92BFC47FF00B27FAD /* CustomButton.m in Sources */,
				CA5282512BFAFB4100645ED3 /* SceneDelegate.swift in Sources */,
				CAA14FEC2BFC718E00B27FAD /* MKSZ202Course31Example2ViewController.m in Sources */,
				CA52828C2BFB33AF00645ED3 /* IndexedTableView.m in Sources */,
				CAC960E02BFDC4980035D2F2 /* MObject.m in Sources */,
				CA5282892BFB30B600645ED3 /* ViewReusePool.m in Sources */,
				CAC960E72BFDC7DA0035D2F2 /* MKSZ202Course41Example1AppDelegate.m in Sources */,
			);
			runOnlyForDeploymentPostprocessing = 0;
		};
		CA52825D2BFAFB4200645ED3 /* Sources */ = {
			isa = PBXSourcesBuildPhase;
			buildActionMask = 2147483647;
			files = (
				CA5282662BFAFB4200645ED3 /* MyStudyiOSTests.swift in Sources */,
			);
			runOnlyForDeploymentPostprocessing = 0;
		};
		CA5282672BFAFB4200645ED3 /* Sources */ = {
			isa = PBXSourcesBuildPhase;
			buildActionMask = 2147483647;
			files = (
				CA5282722BFAFB4200645ED3 /* MyStudyiOSUITestsLaunchTests.swift in Sources */,
				CA5282702BFAFB4200645ED3 /* MyStudyiOSUITests.swift in Sources */,
			);
			runOnlyForDeploymentPostprocessing = 0;
		};
/* End PBXSourcesBuildPhase section */

/* Begin PBXTargetDependency section */
		CA5282632BFAFB4200645ED3 /* PBXTargetDependency */ = {
			isa = PBXTargetDependency;
			target = CA52824A2BFAFB4100645ED3 /* MyStudyiOS */;
			targetProxy = CA5282622BFAFB4200645ED3 /* PBXContainerItemProxy */;
		};
		CA52826D2BFAFB4200645ED3 /* PBXTargetDependency */ = {
			isa = PBXTargetDependency;
			target = CA52824A2BFAFB4100645ED3 /* MyStudyiOS */;
			targetProxy = CA52826C2BFAFB4200645ED3 /* PBXContainerItemProxy */;
		};
/* End PBXTargetDependency section */

/* Begin PBXVariantGroup section */
		CA5282542BFAFB4100645ED3 /* Main.storyboard */ = {
			isa = PBXVariantGroup;
			children = (
				CA5282552BFAFB4100645ED3 /* Base */,
			);
			name = Main.storyboard;
			sourceTree = "<group>";
		};
		CA5282592BFAFB4200645ED3 /* LaunchScreen.storyboard */ = {
			isa = PBXVariantGroup;
			children = (
				CA52825A2BFAFB4200645ED3 /* Base */,
			);
			name = LaunchScreen.storyboard;
			sourceTree = "<group>";
		};
/* End PBXVariantGroup section */

/* Begin XCBuildConfiguration section */
		CA5282732BFAFB4200645ED3 /* Debug */ = {
			isa = XCBuildConfiguration;
			buildSettings = {
				ALWAYS_SEARCH_USER_PATHS = NO;
				ASSETCATALOG_COMPILER_GENERATE_SWIFT_ASSET_SYMBOL_EXTENSIONS = YES;
				CLANG_ANALYZER_NONNULL = YES;
				CLANG_ANALYZER_NUMBER_OBJECT_CONVERSION = YES_AGGRESSIVE;
				CLANG_CXX_LANGUAGE_STANDARD = "gnu++20";
				CLANG_ENABLE_MODULES = YES;
				CLANG_ENABLE_OBJC_ARC = YES;
				CLANG_ENABLE_OBJC_WEAK = YES;
				CLANG_WARN_BLOCK_CAPTURE_AUTORELEASING = YES;
				CLANG_WARN_BOOL_CONVERSION = YES;
				CLANG_WARN_COMMA = YES;
				CLANG_WARN_CONSTANT_CONVERSION = YES;
				CLANG_WARN_DEPRECATED_OBJC_IMPLEMENTATIONS = YES;
				CLANG_WARN_DIRECT_OBJC_ISA_USAGE = YES_ERROR;
				CLANG_WARN_DOCUMENTATION_COMMENTS = YES;
				CLANG_WARN_EMPTY_BODY = YES;
				CLANG_WARN_ENUM_CONVERSION = YES;
				CLANG_WARN_INFINITE_RECURSION = YES;
				CLANG_WARN_INT_CONVERSION = YES;
				CLANG_WARN_NON_LITERAL_NULL_CONVERSION = YES;
				CLANG_WARN_OBJC_IMPLICIT_RETAIN_SELF = YES;
				CLANG_WARN_OBJC_LITERAL_CONVERSION = YES;
				CLANG_WARN_OBJC_ROOT_CLASS = YES_ERROR;
				CLANG_WARN_QUOTED_INCLUDE_IN_FRAMEWORK_HEADER = YES;
				CLANG_WARN_RANGE_LOOP_ANALYSIS = YES;
				CLANG_WARN_STRICT_PROTOTYPES = YES;
				CLANG_WARN_SUSPICIOUS_MOVE = YES;
				CLANG_WARN_UNGUARDED_AVAILABILITY = YES_AGGRESSIVE;
				CLANG_WARN_UNREACHABLE_CODE = YES;
				CLANG_WARN__DUPLICATE_METHOD_MATCH = YES;
				COPY_PHASE_STRIP = NO;
				DEBUG_INFORMATION_FORMAT = dwarf;
				ENABLE_STRICT_OBJC_MSGSEND = YES;
				ENABLE_TESTABILITY = YES;
				ENABLE_USER_SCRIPT_SANDBOXING = YES;
				GCC_C_LANGUAGE_STANDARD = gnu17;
				GCC_DYNAMIC_NO_PIC = NO;
				GCC_NO_COMMON_BLOCKS = YES;
				GCC_OPTIMIZATION_LEVEL = 0;
				GCC_PREPROCESSOR_DEFINITIONS = (
					"DEBUG=1",
					"$(inherited)",
				);
				GCC_WARN_64_TO_32_BIT_CONVERSION = YES;
				GCC_WARN_ABOUT_RETURN_TYPE = YES_ERROR;
				GCC_WARN_UNDECLARED_SELECTOR = YES;
				GCC_WARN_UNINITIALIZED_AUTOS = YES_AGGRESSIVE;
				GCC_WARN_UNUSED_FUNCTION = YES;
				GCC_WARN_UNUSED_VARIABLE = YES;
				IPHONEOS_DEPLOYMENT_TARGET = 17.5;
				LOCALIZATION_PREFERS_STRING_CATALOGS = YES;
				MTL_ENABLE_DEBUG_INFO = INCLUDE_SOURCE;
				MTL_FAST_MATH = YES;
				ONLY_ACTIVE_ARCH = YES;
				SDKROOT = iphoneos;
				SWIFT_ACTIVE_COMPILATION_CONDITIONS = "DEBUG $(inherited)";
				SWIFT_OPTIMIZATION_LEVEL = "-Onone";
			};
			name = Debug;
		};
		CA5282742BFAFB4200645ED3 /* Release */ = {
			isa = XCBuildConfiguration;
			buildSettings = {
				ALWAYS_SEARCH_USER_PATHS = NO;
				ASSETCATALOG_COMPILER_GENERATE_SWIFT_ASSET_SYMBOL_EXTENSIONS = YES;
				CLANG_ANALYZER_NONNULL = YES;
				CLANG_ANALYZER_NUMBER_OBJECT_CONVERSION = YES_AGGRESSIVE;
				CLANG_CXX_LANGUAGE_STANDARD = "gnu++20";
				CLANG_ENABLE_MODULES = YES;
				CLANG_ENABLE_OBJC_ARC = YES;
				CLANG_ENABLE_OBJC_WEAK = YES;
				CLANG_WARN_BLOCK_CAPTURE_AUTORELEASING = YES;
				CLANG_WARN_BOOL_CONVERSION = YES;
				CLANG_WARN_COMMA = YES;
				CLANG_WARN_CONSTANT_CONVERSION = YES;
				CLANG_WARN_DEPRECATED_OBJC_IMPLEMENTATIONS = YES;
				CLANG_WARN_DIRECT_OBJC_ISA_USAGE = YES_ERROR;
				CLANG_WARN_DOCUMENTATION_COMMENTS = YES;
				CLANG_WARN_EMPTY_BODY = YES;
				CLANG_WARN_ENUM_CONVERSION = YES;
				CLANG_WARN_INFINITE_RECURSION = YES;
				CLANG_WARN_INT_CONVERSION = YES;
				CLANG_WARN_NON_LITERAL_NULL_CONVERSION = YES;
				CLANG_WARN_OBJC_IMPLICIT_RETAIN_SELF = YES;
				CLANG_WARN_OBJC_LITERAL_CONVERSION = YES;
				CLANG_WARN_OBJC_ROOT_CLASS = YES_ERROR;
				CLANG_WARN_QUOTED_INCLUDE_IN_FRAMEWORK_HEADER = YES;
				CLANG_WARN_RANGE_LOOP_ANALYSIS = YES;
				CLANG_WARN_STRICT_PROTOTYPES = YES;
				CLANG_WARN_SUSPICIOUS_MOVE = YES;
				CLANG_WARN_UNGUARDED_AVAILABILITY = YES_AGGRESSIVE;
				CLANG_WARN_UNREACHABLE_CODE = YES;
				CLANG_WARN__DUPLICATE_METHOD_MATCH = YES;
				COPY_PHASE_STRIP = NO;
				DEBUG_INFORMATION_FORMAT = "dwarf-with-dsym";
				ENABLE_NS_ASSERTIONS = NO;
				ENABLE_STRICT_OBJC_MSGSEND = YES;
				ENABLE_USER_SCRIPT_SANDBOXING = YES;
				GCC_C_LANGUAGE_STANDARD = gnu17;
				GCC_NO_COMMON_BLOCKS = YES;
				GCC_WARN_64_TO_32_BIT_CONVERSION = YES;
				GCC_WARN_ABOUT_RETURN_TYPE = YES_ERROR;
				GCC_WARN_UNDECLARED_SELECTOR = YES;
				GCC_WARN_UNINITIALIZED_AUTOS = YES_AGGRESSIVE;
				GCC_WARN_UNUSED_FUNCTION = YES;
				GCC_WARN_UNUSED_VARIABLE = YES;
				IPHONEOS_DEPLOYMENT_TARGET = 17.5;
				LOCALIZATION_PREFERS_STRING_CATALOGS = YES;
				MTL_ENABLE_DEBUG_INFO = NO;
				MTL_FAST_MATH = YES;
				SDKROOT = iphoneos;
				SWIFT_COMPILATION_MODE = wholemodule;
				VALIDATE_PRODUCT = YES;
			};
			name = Release;
		};
		CA5282762BFAFB4200645ED3 /* Debug */ = {
			isa = XCBuildConfiguration;
			buildSettings = {
				ASSETCATALOG_COMPILER_APPICON_NAME = AppIcon;
				ASSETCATALOG_COMPILER_GLOBAL_ACCENT_COLOR_NAME = AccentColor;
				CLANG_ENABLE_MODULES = YES;
				CODE_SIGN_STYLE = Automatic;
				CURRENT_PROJECT_VERSION = 1;
				GENERATE_INFOPLIST_FILE = YES;
				INFOPLIST_FILE = MyStudyiOS/Info.plist;
				INFOPLIST_KEY_UIApplicationSupportsIndirectInputEvents = YES;
				INFOPLIST_KEY_UILaunchStoryboardName = LaunchScreen;
				INFOPLIST_KEY_UIMainStoryboardFile = Main;
				INFOPLIST_KEY_UISupportedInterfaceOrientations_iPad = "UIInterfaceOrientationPortrait UIInterfaceOrientationPortraitUpsideDown UIInterfaceOrientationLandscapeLeft UIInterfaceOrientationLandscapeRight";
				INFOPLIST_KEY_UISupportedInterfaceOrientations_iPhone = "UIInterfaceOrientationPortrait UIInterfaceOrientationLandscapeLeft UIInterfaceOrientationLandscapeRight";
				LD_RUNPATH_SEARCH_PATHS = (
					"$(inherited)",
					"@executable_path/Frameworks",
				);
				MARKETING_VERSION = 1.0;
				PRODUCT_BUNDLE_IDENTIFIER = com.shizuku.MyStudyiOS;
				PRODUCT_NAME = "$(TARGET_NAME)";
				SWIFT_EMIT_LOC_STRINGS = YES;
				SWIFT_OBJC_BRIDGING_HEADER = "MyStudyiOS/MyStudyiOS-Bridging-Header.h";
				SWIFT_OPTIMIZATION_LEVEL = "-Onone";
				SWIFT_VERSION = 5.0;
				TARGETED_DEVICE_FAMILY = "1,2";
			};
			name = Debug;
		};
		CA5282772BFAFB4200645ED3 /* Release */ = {
			isa = XCBuildConfiguration;
			buildSettings = {
				ASSETCATALOG_COMPILER_APPICON_NAME = AppIcon;
				ASSETCATALOG_COMPILER_GLOBAL_ACCENT_COLOR_NAME = AccentColor;
				CLANG_ENABLE_MODULES = YES;
				CODE_SIGN_STYLE = Automatic;
				CURRENT_PROJECT_VERSION = 1;
				GENERATE_INFOPLIST_FILE = YES;
				INFOPLIST_FILE = MyStudyiOS/Info.plist;
				INFOPLIST_KEY_UIApplicationSupportsIndirectInputEvents = YES;
				INFOPLIST_KEY_UILaunchStoryboardName = LaunchScreen;
				INFOPLIST_KEY_UIMainStoryboardFile = Main;
				INFOPLIST_KEY_UISupportedInterfaceOrientations_iPad = "UIInterfaceOrientationPortrait UIInterfaceOrientationPortraitUpsideDown UIInterfaceOrientationLandscapeLeft UIInterfaceOrientationLandscapeRight";
				INFOPLIST_KEY_UISupportedInterfaceOrientations_iPhone = "UIInterfaceOrientationPortrait UIInterfaceOrientationLandscapeLeft UIInterfaceOrientationLandscapeRight";
				LD_RUNPATH_SEARCH_PATHS = (
					"$(inherited)",
					"@executable_path/Frameworks",
				);
				MARKETING_VERSION = 1.0;
				PRODUCT_BUNDLE_IDENTIFIER = com.shizuku.MyStudyiOS;
				PRODUCT_NAME = "$(TARGET_NAME)";
				SWIFT_EMIT_LOC_STRINGS = YES;
				SWIFT_OBJC_BRIDGING_HEADER = "MyStudyiOS/MyStudyiOS-Bridging-Header.h";
				SWIFT_VERSION = 5.0;
				TARGETED_DEVICE_FAMILY = "1,2";
			};
			name = Release;
		};
		CA5282792BFAFB4200645ED3 /* Debug */ = {
			isa = XCBuildConfiguration;
			buildSettings = {
				ALWAYS_EMBED_SWIFT_STANDARD_LIBRARIES = YES;
				BUNDLE_LOADER = "$(TEST_HOST)";
				CODE_SIGN_STYLE = Automatic;
				CURRENT_PROJECT_VERSION = 1;
				GENERATE_INFOPLIST_FILE = YES;
				IPHONEOS_DEPLOYMENT_TARGET = 17.5;
				MARKETING_VERSION = 1.0;
				PRODUCT_BUNDLE_IDENTIFIER = com.shizuku.MyStudyiOSTests;
				PRODUCT_NAME = "$(TARGET_NAME)";
				SWIFT_EMIT_LOC_STRINGS = NO;
				SWIFT_VERSION = 5.0;
				TARGETED_DEVICE_FAMILY = "1,2";
				TEST_HOST = "$(BUILT_PRODUCTS_DIR)/MyStudyiOS.app/$(BUNDLE_EXECUTABLE_FOLDER_PATH)/MyStudyiOS";
			};
			name = Debug;
		};
		CA52827A2BFAFB4200645ED3 /* Release */ = {
			isa = XCBuildConfiguration;
			buildSettings = {
				ALWAYS_EMBED_SWIFT_STANDARD_LIBRARIES = YES;
				BUNDLE_LOADER = "$(TEST_HOST)";
				CODE_SIGN_STYLE = Automatic;
				CURRENT_PROJECT_VERSION = 1;
				GENERATE_INFOPLIST_FILE = YES;
				IPHONEOS_DEPLOYMENT_TARGET = 17.5;
				MARKETING_VERSION = 1.0;
				PRODUCT_BUNDLE_IDENTIFIER = com.shizuku.MyStudyiOSTests;
				PRODUCT_NAME = "$(TARGET_NAME)";
				SWIFT_EMIT_LOC_STRINGS = NO;
				SWIFT_VERSION = 5.0;
				TARGETED_DEVICE_FAMILY = "1,2";
				TEST_HOST = "$(BUILT_PRODUCTS_DIR)/MyStudyiOS.app/$(BUNDLE_EXECUTABLE_FOLDER_PATH)/MyStudyiOS";
			};
			name = Release;
		};
		CA52827C2BFAFB4200645ED3 /* Debug */ = {
			isa = XCBuildConfiguration;
			buildSettings = {
				ALWAYS_EMBED_SWIFT_STANDARD_LIBRARIES = YES;
				CODE_SIGN_STYLE = Automatic;
				CURRENT_PROJECT_VERSION = 1;
				GENERATE_INFOPLIST_FILE = YES;
				MARKETING_VERSION = 1.0;
				PRODUCT_BUNDLE_IDENTIFIER = com.shizuku.MyStudyiOSUITests;
				PRODUCT_NAME = "$(TARGET_NAME)";
				SWIFT_EMIT_LOC_STRINGS = NO;
				SWIFT_VERSION = 5.0;
				TARGETED_DEVICE_FAMILY = "1,2";
				TEST_TARGET_NAME = MyStudyiOS;
			};
			name = Debug;
		};
		CA52827D2BFAFB4200645ED3 /* Release */ = {
			isa = XCBuildConfiguration;
			buildSettings = {
				ALWAYS_EMBED_SWIFT_STANDARD_LIBRARIES = YES;
				CODE_SIGN_STYLE = Automatic;
				CURRENT_PROJECT_VERSION = 1;
				GENERATE_INFOPLIST_FILE = YES;
				MARKETING_VERSION = 1.0;
				PRODUCT_BUNDLE_IDENTIFIER = com.shizuku.MyStudyiOSUITests;
				PRODUCT_NAME = "$(TARGET_NAME)";
				SWIFT_EMIT_LOC_STRINGS = NO;
				SWIFT_VERSION = 5.0;
				TARGETED_DEVICE_FAMILY = "1,2";
				TEST_TARGET_NAME = MyStudyiOS;
			};
			name = Release;
		};
/* End XCBuildConfiguration section */

/* Begin XCConfigurationList section */
		CA5282462BFAFB4100645ED3 /* Build configuration list for PBXProject "MyStudyiOS" */ = {
			isa = XCConfigurationList;
			buildConfigurations = (
				CA5282732BFAFB4200645ED3 /* Debug */,
				CA5282742BFAFB4200645ED3 /* Release */,
			);
			defaultConfigurationIsVisible = 0;
			defaultConfigurationName = Release;
		};
		CA5282752BFAFB4200645ED3 /* Build configuration list for PBXNativeTarget "MyStudyiOS" */ = {
			isa = XCConfigurationList;
			buildConfigurations = (
				CA5282762BFAFB4200645ED3 /* Debug */,
				CA5282772BFAFB4200645ED3 /* Release */,
			);
			defaultConfigurationIsVisible = 0;
			defaultConfigurationName = Release;
		};
		CA5282782BFAFB4200645ED3 /* Build configuration list for PBXNativeTarget "MyStudyiOSTests" */ = {
			isa = XCConfigurationList;
			buildConfigurations = (
				CA5282792BFAFB4200645ED3 /* Debug */,
				CA52827A2BFAFB4200645ED3 /* Release */,
			);
			defaultConfigurationIsVisible = 0;
			defaultConfigurationName = Release;
		};
		CA52827B2BFAFB4200645ED3 /* Build configuration list for PBXNativeTarget "MyStudyiOSUITests" */ = {
			isa = XCConfigurationList;
			buildConfigurations = (
				CA52827C2BFAFB4200645ED3 /* Debug */,
				CA52827D2BFAFB4200645ED3 /* Release */,
			);
			defaultConfigurationIsVisible = 0;
			defaultConfigurationName = Release;
		};
/* End XCConfigurationList section */
	};
	rootObject = CA5282432BFAFB4100645ED3 /* Project object */;
}
